
Microsoft Visual Studio Solution File, Format Version 12.00
# Visual Studio Version 16
VisualStudioVersion = 16.0.31515.178
MinimumVisualStudioVersion = 10.0.40219.1
Project("{FAE04EC0-301F-11D3-BF4B-00C04F79EFBC}") = "Hello Repo", "Hello Repo\Hello Repo.csproj", "{AC4BFD74-4065-4E64-A6C3-F88F5D7862F0}"
EndProject
Project("{FAE04EC0-301F-11D3-BF4B-00C04F79EFBC}") = "Ejercicio 2", "Ejercicio 2\Ejercicio 2.csproj", "{58974870-088E-47FC-9D0E-F707C451DEC6}"
EndProject
Global
	GlobalSection(SolutionConfigurationPlatforms) = preSolution
		Debug|Any CPU = Debug|Any CPU
		Release|Any CPU = Release|Any CPU
	EndGlobalSection
	GlobalSection(ProjectConfigurationPlatforms) = postSolution
		{AC4BFD74-4065-4E64-A6C3-F88F5D7862F0}.Debug|Any CPU.ActiveCfg = Debug|Any CPU
		{AC4BFD74-4065-4E64-A6C3-F88F5D7862F0}.Debug|Any CPU.Build.0 = Debug|Any CPU
		{AC4BFD74-4065-4E64-A6C3-F88F5D7862F0}.Release|Any CPU.ActiveCfg = Release|Any CPU
		{AC4BFD74-4065-4E64-A6C3-F88F5D7862F0}.Release|Any CPU.Build.0 = Release|Any CPU
		{58974870-088E-47FC-9D0E-F707C451DEC6}.Debug|Any CPU.ActiveCfg = Debug|Any CPU
		{58974870-088E-47FC-9D0E-F707C451DEC6}.Debug|Any CPU.Build.0 = Debug|Any CPU
		{58974870-088E-47FC-9D0E-F707C451DEC6}.Release|Any CPU.ActiveCfg = Release|Any CPU
		{58974870-088E-47FC-9D0E-F707C451DEC6}.Release|Any CPU.Build.0 = Release|Any CPU
	EndGlobalSection
	GlobalSection(SolutionProperties) = preSolution
		HideSolutionNode = FALSE
	EndGlobalSection
	GlobalSection(ExtensibilityGlobals) = postSolution
		SolutionGuid = {67345094-F628-43DE-8307-94EF5A4D4923}
	EndGlobalSection
EndGlobal
